# This file is automatically @generated by Cargo.
# It is not intended for manual editing.
version = 4

[[package]]
name = "alib"
version = "1.2.0"
source = "git+https://github.com/matklad/alib?rev=adb4fcd2e03e431c2eb131ac53245544cf05b29b#adb4fcd2e03e431c2eb131ac53245544cf05b29b"

[[package]]
name = "dep-foo"
version = "0.1.0"
dependencies = [
 "alib",
]
