# This file is automatically @generated by Cargo.
# It is not intended for manual editing.
version = 4

[[package]]
name = "alib"
version = "1.0.0"
source = "git+https://github.com/matklad/alib?rev=68304e160273f9709b4530bd93bf266f3c7e7e7e#68304e160273f9709b4530bd93bf266f3c7e7e7e"

[[package]]
name = "alib"
version = "1.2.0"
source = "git+https://github.com/matklad/alib?rev=adb4fcd2e03e431c2eb131ac53245544cf05b29b#adb4fcd2e03e431c2eb131ac53245544cf05b29b"

[[package]]
name = "app"
version = "0.1.0"
dependencies = [
 "dep-bar",
 "dep-foo",
]

[[package]]
name = "dep-bar"
version = "0.1.0"
dependencies = [
 "alib 1.0.0",
]

[[package]]
name = "dep-foo"
version = "0.1.0"
dependencies = [
 "alib 1.2.0",
]
