# This file is automatically @generated by Cargo.
# It is not intended for manual editing.
version = 4

[[package]]
name = "alib"
version = "1.0.0"
source = "git+https://github.com/matklad/alib?rev=68304e160273f9709b4530bd93bf266f3c7e7e7e#68304e160273f9709b4530bd93bf266f3c7e7e7e"

[[package]]
name = "dep-bar"
version = "0.1.0"
dependencies = [
 "alib",
]
